
Microsoft Visual Studio Solution File, Format Version 12.00
# Visual Studio Version 17
VisualStudioVersion = 17.0.32014.148
MinimumVisualStudioVersion = 10.0.40219.1
Project("{FAE04EC0-301F-11D3-BF4B-00C04F79EFBC}") = "Exercicio-8", "Exercicio-8\Exercicio-8.csproj", "{2D5C923C-3B4D-40F3-BC30-CEAE6E310BFD}"
EndProject
Global
	GlobalSection(SolutionConfigurationPlatforms) = preSolution
		Debug|Any CPU = Debug|Any CPU
		Release|Any CPU = Release|Any CPU
	EndGlobalSection
	GlobalSection(ProjectConfigurationPlatforms) = postSolution
		{2D5C923C-3B4D-40F3-BC30-CEAE6E310BFD}.Debug|Any CPU.ActiveCfg = Debug|Any CPU
		{2D5C923C-3B4D-40F3-BC30-CEAE6E310BFD}.Debug|Any CPU.Build.0 = Debug|Any CPU
		{2D5C923C-3B4D-40F3-BC30-CEAE6E310BFD}.Release|Any CPU.ActiveCfg = Release|Any CPU
		{2D5C923C-3B4D-40F3-BC30-CEAE6E310BFD}.Release|Any CPU.Build.0 = Release|Any CPU
	EndGlobalSection
	GlobalSection(SolutionProperties) = preSolution
		HideSolutionNode = FALSE
	EndGlobalSection
	GlobalSection(ExtensibilityGlobals) = postSolution
		SolutionGuid = {0FA78C03-7213-444A-A792-B7CB1A165823}
	EndGlobalSection
EndGlobal
