
Microsoft Visual Studio Solution File, Format Version 12.00
# Visual Studio Version 17
VisualStudioVersion = 17.0.32014.148
MinimumVisualStudioVersion = 10.0.40219.1
Project("{FAE04EC0-301F-11D3-BF4B-00C04F79EFBC}") = "Exercicio-1", "Exercicio-1\Exercicio-1.csproj", "{4408F9BE-B26B-4EB5-AE1D-079968FBB2A4}"
EndProject
Global
	GlobalSection(SolutionConfigurationPlatforms) = preSolution
		Debug|Any CPU = Debug|Any CPU
		Release|Any CPU = Release|Any CPU
	EndGlobalSection
	GlobalSection(ProjectConfigurationPlatforms) = postSolution
		{4408F9BE-B26B-4EB5-AE1D-079968FBB2A4}.Debug|Any CPU.ActiveCfg = Debug|Any CPU
		{4408F9BE-B26B-4EB5-AE1D-079968FBB2A4}.Debug|Any CPU.Build.0 = Debug|Any CPU
		{4408F9BE-B26B-4EB5-AE1D-079968FBB2A4}.Release|Any CPU.ActiveCfg = Release|Any CPU
		{4408F9BE-B26B-4EB5-AE1D-079968FBB2A4}.Release|Any CPU.Build.0 = Release|Any CPU
	EndGlobalSection
	GlobalSection(SolutionProperties) = preSolution
		HideSolutionNode = FALSE
	EndGlobalSection
	GlobalSection(ExtensibilityGlobals) = postSolution
		SolutionGuid = {657FA099-5A99-4EFF-A63C-A37854AA5BD9}
	EndGlobalSection
EndGlobal
