
Microsoft Visual Studio Solution File, Format Version 12.00
# Visual Studio Version 17
VisualStudioVersion = 17.0.32014.148
MinimumVisualStudioVersion = 10.0.40219.1
Project("{FAE04EC0-301F-11D3-BF4B-00C04F79EFBC}") = "Exercicio-1", "Exercicio-1\Exercicio-1.csproj", "{C3D43C5F-806F-4AFE-BF99-EAFB6128B9FF}"
EndProject
Global
	GlobalSection(SolutionConfigurationPlatforms) = preSolution
		Debug|Any CPU = Debug|Any CPU
		Release|Any CPU = Release|Any CPU
	EndGlobalSection
	GlobalSection(ProjectConfigurationPlatforms) = postSolution
		{C3D43C5F-806F-4AFE-BF99-EAFB6128B9FF}.Debug|Any CPU.ActiveCfg = Debug|Any CPU
		{C3D43C5F-806F-4AFE-BF99-EAFB6128B9FF}.Debug|Any CPU.Build.0 = Debug|Any CPU
		{C3D43C5F-806F-4AFE-BF99-EAFB6128B9FF}.Release|Any CPU.ActiveCfg = Release|Any CPU
		{C3D43C5F-806F-4AFE-BF99-EAFB6128B9FF}.Release|Any CPU.Build.0 = Release|Any CPU
	EndGlobalSection
	GlobalSection(SolutionProperties) = preSolution
		HideSolutionNode = FALSE
	EndGlobalSection
	GlobalSection(ExtensibilityGlobals) = postSolution
		SolutionGuid = {168E6FF0-5009-46ED-81E9-C551EC934450}
	EndGlobalSection
EndGlobal
