
Microsoft Visual Studio Solution File, Format Version 12.00
# Visual Studio Version 17
VisualStudioVersion = 17.0.32014.148
MinimumVisualStudioVersion = 10.0.40219.1
Project("{FAE04EC0-301F-11D3-BF4B-00C04F79EFBC}") = "Exercicio-5", "Exercicio-5\Exercicio-5.csproj", "{A01066BE-4764-4B28-AC9F-6183953BFC11}"
EndProject
Global
	GlobalSection(SolutionConfigurationPlatforms) = preSolution
		Debug|Any CPU = Debug|Any CPU
		Release|Any CPU = Release|Any CPU
	EndGlobalSection
	GlobalSection(ProjectConfigurationPlatforms) = postSolution
		{A01066BE-4764-4B28-AC9F-6183953BFC11}.Debug|Any CPU.ActiveCfg = Debug|Any CPU
		{A01066BE-4764-4B28-AC9F-6183953BFC11}.Debug|Any CPU.Build.0 = Debug|Any CPU
		{A01066BE-4764-4B28-AC9F-6183953BFC11}.Release|Any CPU.ActiveCfg = Release|Any CPU
		{A01066BE-4764-4B28-AC9F-6183953BFC11}.Release|Any CPU.Build.0 = Release|Any CPU
	EndGlobalSection
	GlobalSection(SolutionProperties) = preSolution
		HideSolutionNode = FALSE
	EndGlobalSection
	GlobalSection(ExtensibilityGlobals) = postSolution
		SolutionGuid = {8AE677E2-26BB-4580-A56D-30587062AD9D}
	EndGlobalSection
EndGlobal
