
Microsoft Visual Studio Solution File, Format Version 12.00
# Visual Studio Version 17
VisualStudioVersion = 17.0.32014.148
MinimumVisualStudioVersion = 10.0.40219.1
Project("{FAE04EC0-301F-11D3-BF4B-00C04F79EFBC}") = "Exercicio-3", "Exercicio-3\Exercicio-3.csproj", "{7BF0BEB4-85DB-4E02-AFD1-A9218CCB20E8}"
EndProject
Global
	GlobalSection(SolutionConfigurationPlatforms) = preSolution
		Debug|Any CPU = Debug|Any CPU
		Release|Any CPU = Release|Any CPU
	EndGlobalSection
	GlobalSection(ProjectConfigurationPlatforms) = postSolution
		{7BF0BEB4-85DB-4E02-AFD1-A9218CCB20E8}.Debug|Any CPU.ActiveCfg = Debug|Any CPU
		{7BF0BEB4-85DB-4E02-AFD1-A9218CCB20E8}.Debug|Any CPU.Build.0 = Debug|Any CPU
		{7BF0BEB4-85DB-4E02-AFD1-A9218CCB20E8}.Release|Any CPU.ActiveCfg = Release|Any CPU
		{7BF0BEB4-85DB-4E02-AFD1-A9218CCB20E8}.Release|Any CPU.Build.0 = Release|Any CPU
	EndGlobalSection
	GlobalSection(SolutionProperties) = preSolution
		HideSolutionNode = FALSE
	EndGlobalSection
	GlobalSection(ExtensibilityGlobals) = postSolution
		SolutionGuid = {5DF4E6F4-92D1-4AF3-AC23-22A7508D2C6B}
	EndGlobalSection
EndGlobal
