
Microsoft Visual Studio Solution File, Format Version 12.00
# Visual Studio Version 17
VisualStudioVersion = 17.0.32014.148
MinimumVisualStudioVersion = 10.0.40219.1
Project("{FAE04EC0-301F-11D3-BF4B-00C04F79EFBC}") = "Exercicio-6", "Exercicio-6\Exercicio-6.csproj", "{100DD331-91F6-4720-B343-2EE760D4F34A}"
EndProject
Global
	GlobalSection(SolutionConfigurationPlatforms) = preSolution
		Debug|Any CPU = Debug|Any CPU
		Release|Any CPU = Release|Any CPU
	EndGlobalSection
	GlobalSection(ProjectConfigurationPlatforms) = postSolution
		{100DD331-91F6-4720-B343-2EE760D4F34A}.Debug|Any CPU.ActiveCfg = Debug|Any CPU
		{100DD331-91F6-4720-B343-2EE760D4F34A}.Debug|Any CPU.Build.0 = Debug|Any CPU
		{100DD331-91F6-4720-B343-2EE760D4F34A}.Release|Any CPU.ActiveCfg = Release|Any CPU
		{100DD331-91F6-4720-B343-2EE760D4F34A}.Release|Any CPU.Build.0 = Release|Any CPU
	EndGlobalSection
	GlobalSection(SolutionProperties) = preSolution
		HideSolutionNode = FALSE
	EndGlobalSection
	GlobalSection(ExtensibilityGlobals) = postSolution
		SolutionGuid = {49BD7192-A344-4365-9D69-D8B4BC6A5F41}
	EndGlobalSection
EndGlobal
