
Microsoft Visual Studio Solution File, Format Version 12.00
# Visual Studio Version 17
VisualStudioVersion = 17.0.32014.148
MinimumVisualStudioVersion = 10.0.40219.1
Project("{FAE04EC0-301F-11D3-BF4B-00C04F79EFBC}") = "Exercicio-2", "Exercicio-2\Exercicio-2.csproj", "{631E5374-ADC9-4D5B-98DC-C3348CA64DD2}"
EndProject
Global
	GlobalSection(SolutionConfigurationPlatforms) = preSolution
		Debug|Any CPU = Debug|Any CPU
		Release|Any CPU = Release|Any CPU
	EndGlobalSection
	GlobalSection(ProjectConfigurationPlatforms) = postSolution
		{631E5374-ADC9-4D5B-98DC-C3348CA64DD2}.Debug|Any CPU.ActiveCfg = Debug|Any CPU
		{631E5374-ADC9-4D5B-98DC-C3348CA64DD2}.Debug|Any CPU.Build.0 = Debug|Any CPU
		{631E5374-ADC9-4D5B-98DC-C3348CA64DD2}.Release|Any CPU.ActiveCfg = Release|Any CPU
		{631E5374-ADC9-4D5B-98DC-C3348CA64DD2}.Release|Any CPU.Build.0 = Release|Any CPU
	EndGlobalSection
	GlobalSection(SolutionProperties) = preSolution
		HideSolutionNode = FALSE
	EndGlobalSection
	GlobalSection(ExtensibilityGlobals) = postSolution
		SolutionGuid = {9409066D-4E41-49FB-9BD6-A1EB77BD8C44}
	EndGlobalSection
EndGlobal
